
Microsoft Visual Studio Solution File, Format Version 12.00
# Visual Studio 15
VisualStudioVersion = 15.0.28307.1831
MinimumVisualStudioVersion = 10.0.40219.1
Project("{8BC9CEB8-8B4A-11D0-8D11-00A0C91BC942}") = "H_qss", "H_qss\H_qss.vcxproj", "{341EB580-22AF-4B45-9850-2D8984E62D25}"
EndProject
Project("{8BC9CEB8-8B4A-11D0-8D11-00A0C91BC942}") = "WebSocketClient", "WebSocketClient\WebSocketClient.vcxproj", "{7F4C6C27-5336-48D9-BBEE-53ADF15A57DB}"
EndProject
Project("{8BC9CEB8-8B4A-11D0-8D11-00A0C91BC942}") = "WebSocketServer", "WebSocketServer\WebSocketServer.vcxproj", "{1DE2444E-E399-4375-8EA6-74071B0024B0}"
EndProject
Project("{8BC9CEB8-8B4A-11D0-8D11-00A0C91BC942}") = "Gif", "Gif\Gif.vcxproj", "{5A145E1D-2459-44B3-838E-58AE737356BC}"
EndProject
Project("{8BC9CEB8-8B4A-11D0-8D11-00A0C91BC942}") = "Promise", "Promise\Promise.vcxproj", "{A3E977A6-74DA-4130-A5A8-9F89032ABED5}"
EndProject
Project("{8BC9CEB8-8B4A-11D0-8D11-00A0C91BC942}") = "WebEngine", "WebEngine\WebEngine.vcxproj", "{F2CF7C70-705D-4EC9-9433-8C48367ACB7C}"
EndProject
Project("{8BC9CEB8-8B4A-11D0-8D11-00A0C91BC942}") = "Process", "Process\Process.vcxproj", "{350EE36C-1BA2-4CB4-8E72-6DC131FDD5CF}"
EndProject
Project("{8BC9CEB8-8B4A-11D0-8D11-00A0C91BC942}") = "Str", "Str\Str.vcxproj", "{2B1A73D6-4420-4642-BE08-941D1A742AA7}"
EndProject
Project("{8BC9CEB8-8B4A-11D0-8D11-00A0C91BC942}") = "QtWidgetsItem", "QtWidgetsItem\QtWidgetsItem.vcxproj", "{0F68C9F2-4EB0-4D20-A80A-E2EA93A54FEF}"
EndProject
Project("{8BC9CEB8-8B4A-11D0-8D11-00A0C91BC942}") = "ValueItems", "ValueItems\ValueItems.vcxproj", "{B8085B96-9FDA-42D5-99F6-B2173E58C687}"
EndProject
Project("{8BC9CEB8-8B4A-11D0-8D11-00A0C91BC942}") = "vChatJoinItem", "vChatJoinItem\vChatJoinItem.vcxproj", "{F255AC21-9600-4233-8D41-EFB4B72BE9C3}"
EndProject
Project("{8BC9CEB8-8B4A-11D0-8D11-00A0C91BC942}") = "hPixmap", "hPixmap\hPixmap.vcxproj", "{6C65A2C9-0E39-4C9D-BED4-B1CF98479237}"
EndProject
Project("{8BC9CEB8-8B4A-11D0-8D11-00A0C91BC942}") = "Toast", "Toast\Toast.vcxproj", "{D402CD9F-54EA-4742-A404-464E090BD234}"
EndProject
Project("{8BC9CEB8-8B4A-11D0-8D11-00A0C91BC942}") = "Layout", "Layout\Layout.vcxproj", "{4C26CD87-96E2-4C2B-A7D6-8DA64C428AD1}"
EndProject
Project("{8BC9CEB8-8B4A-11D0-8D11-00A0C91BC942}") = "VItem", "VItem\VItem.vcxproj", "{D82B69E2-7997-4020-AB43-734224E87E78}"
EndProject
Project("{8BC9CEB8-8B4A-11D0-8D11-00A0C91BC942}") = "WidgetItems", "WidgetItems\WidgetItems.vcxproj", "{BA305682-4661-470A-A4E5-483128066AD7}"
EndProject
Project("{8BC9CEB8-8B4A-11D0-8D11-00A0C91BC942}") = "VThread", "VThread\VThread.vcxproj", "{606E1AF5-0A91-4159-B50C-55E2377E523B}"
EndProject
Project("{8BC9CEB8-8B4A-11D0-8D11-00A0C91BC942}") = "ImageAndPixmap", "ImageAndPixmap\ImageAndPixmap.vcxproj", "{1FBAA6DC-B574-4FB0-A30A-BF588B3515BA}"
EndProject
Project("{8BC9CEB8-8B4A-11D0-8D11-00A0C91BC942}") = "VVMDMode", "VVMDMode\VVMDMode.vcxproj", "{5EB9AF24-16E9-457C-9003-FA5EA01E8436}"
EndProject
Global
	GlobalSection(SolutionConfigurationPlatforms) = preSolution
		Debug|ARM = Debug|ARM
		Debug|ARM64 = Debug|ARM64
		Debug|x64 = Debug|x64
		Debug|x86 = Debug|x86
		Release|ARM = Release|ARM
		Release|ARM64 = Release|ARM64
		Release|x64 = Release|x64
		Release|x86 = Release|x86
	EndGlobalSection
	GlobalSection(ProjectConfigurationPlatforms) = postSolution
		{341EB580-22AF-4B45-9850-2D8984E62D25}.Debug|ARM.ActiveCfg = Debug|Win32
		{341EB580-22AF-4B45-9850-2D8984E62D25}.Debug|ARM64.ActiveCfg = Debug|Win32
		{341EB580-22AF-4B45-9850-2D8984E62D25}.Debug|x64.ActiveCfg = Debug|Win32
		{341EB580-22AF-4B45-9850-2D8984E62D25}.Debug|x86.ActiveCfg = Debug|Win32
		{341EB580-22AF-4B45-9850-2D8984E62D25}.Debug|x86.Build.0 = Debug|Win32
		{341EB580-22AF-4B45-9850-2D8984E62D25}.Release|ARM.ActiveCfg = Release|Win32
		{341EB580-22AF-4B45-9850-2D8984E62D25}.Release|ARM64.ActiveCfg = Release|Win32
		{341EB580-22AF-4B45-9850-2D8984E62D25}.Release|x64.ActiveCfg = Release|Win32
		{341EB580-22AF-4B45-9850-2D8984E62D25}.Release|x86.ActiveCfg = Release|Win32
		{341EB580-22AF-4B45-9850-2D8984E62D25}.Release|x86.Build.0 = Release|Win32
		{7F4C6C27-5336-48D9-BBEE-53ADF15A57DB}.Debug|ARM.ActiveCfg = Debug|Win32
		{7F4C6C27-5336-48D9-BBEE-53ADF15A57DB}.Debug|ARM64.ActiveCfg = Debug|Win32
		{7F4C6C27-5336-48D9-BBEE-53ADF15A57DB}.Debug|x64.ActiveCfg = Debug|Win32
		{7F4C6C27-5336-48D9-BBEE-53ADF15A57DB}.Debug|x86.ActiveCfg = Debug|Win32
		{7F4C6C27-5336-48D9-BBEE-53ADF15A57DB}.Debug|x86.Build.0 = Debug|Win32
		{7F4C6C27-5336-48D9-BBEE-53ADF15A57DB}.Release|ARM.ActiveCfg = Release|Win32
		{7F4C6C27-5336-48D9-BBEE-53ADF15A57DB}.Release|ARM64.ActiveCfg = Release|Win32
		{7F4C6C27-5336-48D9-BBEE-53ADF15A57DB}.Release|x64.ActiveCfg = Release|Win32
		{7F4C6C27-5336-48D9-BBEE-53ADF15A57DB}.Release|x86.ActiveCfg = Release|Win32
		{7F4C6C27-5336-48D9-BBEE-53ADF15A57DB}.Release|x86.Build.0 = Release|Win32
		{1DE2444E-E399-4375-8EA6-74071B0024B0}.Debug|ARM.ActiveCfg = Debug|Win32
		{1DE2444E-E399-4375-8EA6-74071B0024B0}.Debug|ARM64.ActiveCfg = Debug|Win32
		{1DE2444E-E399-4375-8EA6-74071B0024B0}.Debug|x64.ActiveCfg = Debug|Win32
		{1DE2444E-E399-4375-8EA6-74071B0024B0}.Debug|x86.ActiveCfg = Debug|Win32
		{1DE2444E-E399-4375-8EA6-74071B0024B0}.Debug|x86.Build.0 = Debug|Win32
		{1DE2444E-E399-4375-8EA6-74071B0024B0}.Release|ARM.ActiveCfg = Release|Win32
		{1DE2444E-E399-4375-8EA6-74071B0024B0}.Release|ARM64.ActiveCfg = Release|Win32
		{1DE2444E-E399-4375-8EA6-74071B0024B0}.Release|x64.ActiveCfg = Release|Win32
		{1DE2444E-E399-4375-8EA6-74071B0024B0}.Release|x86.ActiveCfg = Release|Win32
		{1DE2444E-E399-4375-8EA6-74071B0024B0}.Release|x86.Build.0 = Release|Win32
		{5A145E1D-2459-44B3-838E-58AE737356BC}.Debug|ARM.ActiveCfg = Debug|Win32
		{5A145E1D-2459-44B3-838E-58AE737356BC}.Debug|ARM64.ActiveCfg = Debug|Win32
		{5A145E1D-2459-44B3-838E-58AE737356BC}.Debug|x64.ActiveCfg = Debug|Win32
		{5A145E1D-2459-44B3-838E-58AE737356BC}.Debug|x86.ActiveCfg = Debug|Win32
		{5A145E1D-2459-44B3-838E-58AE737356BC}.Debug|x86.Build.0 = Debug|Win32
		{5A145E1D-2459-44B3-838E-58AE737356BC}.Release|ARM.ActiveCfg = Release|Win32
		{5A145E1D-2459-44B3-838E-58AE737356BC}.Release|ARM64.ActiveCfg = Release|Win32
		{5A145E1D-2459-44B3-838E-58AE737356BC}.Release|x64.ActiveCfg = Release|Win32
		{5A145E1D-2459-44B3-838E-58AE737356BC}.Release|x86.ActiveCfg = Release|Win32
		{5A145E1D-2459-44B3-838E-58AE737356BC}.Release|x86.Build.0 = Release|Win32
		{A3E977A6-74DA-4130-A5A8-9F89032ABED5}.Debug|ARM.ActiveCfg = Debug|Win32
		{A3E977A6-74DA-4130-A5A8-9F89032ABED5}.Debug|ARM64.ActiveCfg = Debug|Win32
		{A3E977A6-74DA-4130-A5A8-9F89032ABED5}.Debug|x64.ActiveCfg = Debug|Win32
		{A3E977A6-74DA-4130-A5A8-9F89032ABED5}.Debug|x86.ActiveCfg = Debug|Win32
		{A3E977A6-74DA-4130-A5A8-9F89032ABED5}.Debug|x86.Build.0 = Debug|Win32
		{A3E977A6-74DA-4130-A5A8-9F89032ABED5}.Release|ARM.ActiveCfg = Release|Win32
		{A3E977A6-74DA-4130-A5A8-9F89032ABED5}.Release|ARM64.ActiveCfg = Release|Win32
		{A3E977A6-74DA-4130-A5A8-9F89032ABED5}.Release|x64.ActiveCfg = Release|Win32
		{A3E977A6-74DA-4130-A5A8-9F89032ABED5}.Release|x86.ActiveCfg = Release|Win32
		{A3E977A6-74DA-4130-A5A8-9F89032ABED5}.Release|x86.Build.0 = Release|Win32
		{F2CF7C70-705D-4EC9-9433-8C48367ACB7C}.Debug|ARM.ActiveCfg = Debug|Win32
		{F2CF7C70-705D-4EC9-9433-8C48367ACB7C}.Debug|ARM64.ActiveCfg = Debug|Win32
		{F2CF7C70-705D-4EC9-9433-8C48367ACB7C}.Debug|x64.ActiveCfg = Debug|Win32
		{F2CF7C70-705D-4EC9-9433-8C48367ACB7C}.Debug|x86.ActiveCfg = Debug|Win32
		{F2CF7C70-705D-4EC9-9433-8C48367ACB7C}.Debug|x86.Build.0 = Debug|Win32
		{F2CF7C70-705D-4EC9-9433-8C48367ACB7C}.Release|ARM.ActiveCfg = Release|Win32
		{F2CF7C70-705D-4EC9-9433-8C48367ACB7C}.Release|ARM64.ActiveCfg = Release|Win32
		{F2CF7C70-705D-4EC9-9433-8C48367ACB7C}.Release|x64.ActiveCfg = Release|Win32
		{F2CF7C70-705D-4EC9-9433-8C48367ACB7C}.Release|x86.ActiveCfg = Release|Win32
		{F2CF7C70-705D-4EC9-9433-8C48367ACB7C}.Release|x86.Build.0 = Release|Win32
		{350EE36C-1BA2-4CB4-8E72-6DC131FDD5CF}.Debug|ARM.ActiveCfg = Debug|Win32
		{350EE36C-1BA2-4CB4-8E72-6DC131FDD5CF}.Debug|ARM64.ActiveCfg = Debug|Win32
		{350EE36C-1BA2-4CB4-8E72-6DC131FDD5CF}.Debug|x64.ActiveCfg = Debug|Win32
		{350EE36C-1BA2-4CB4-8E72-6DC131FDD5CF}.Debug|x86.ActiveCfg = Debug|Win32
		{350EE36C-1BA2-4CB4-8E72-6DC131FDD5CF}.Debug|x86.Build.0 = Debug|Win32
		{350EE36C-1BA2-4CB4-8E72-6DC131FDD5CF}.Release|ARM.ActiveCfg = Release|Win32
		{350EE36C-1BA2-4CB4-8E72-6DC131FDD5CF}.Release|ARM64.ActiveCfg = Release|Win32
		{350EE36C-1BA2-4CB4-8E72-6DC131FDD5CF}.Release|x64.ActiveCfg = Release|Win32
		{350EE36C-1BA2-4CB4-8E72-6DC131FDD5CF}.Release|x86.ActiveCfg = Release|Win32
		{350EE36C-1BA2-4CB4-8E72-6DC131FDD5CF}.Release|x86.Build.0 = Release|Win32
		{2B1A73D6-4420-4642-BE08-941D1A742AA7}.Debug|ARM.ActiveCfg = Debug|Win32
		{2B1A73D6-4420-4642-BE08-941D1A742AA7}.Debug|ARM64.ActiveCfg = Debug|Win32
		{2B1A73D6-4420-4642-BE08-941D1A742AA7}.Debug|x64.ActiveCfg = Debug|Win32
		{2B1A73D6-4420-4642-BE08-941D1A742AA7}.Debug|x86.ActiveCfg = Debug|Win32
		{2B1A73D6-4420-4642-BE08-941D1A742AA7}.Debug|x86.Build.0 = Debug|Win32
		{2B1A73D6-4420-4642-BE08-941D1A742AA7}.Release|ARM.ActiveCfg = Release|Win32
		{2B1A73D6-4420-4642-BE08-941D1A742AA7}.Release|ARM64.ActiveCfg = Release|Win32
		{2B1A73D6-4420-4642-BE08-941D1A742AA7}.Release|x64.ActiveCfg = Release|Win32
		{2B1A73D6-4420-4642-BE08-941D1A742AA7}.Release|x86.ActiveCfg = Release|Win32
		{2B1A73D6-4420-4642-BE08-941D1A742AA7}.Release|x86.Build.0 = Release|Win32
		{0F68C9F2-4EB0-4D20-A80A-E2EA93A54FEF}.Debug|ARM.ActiveCfg = Debug|Win32
		{0F68C9F2-4EB0-4D20-A80A-E2EA93A54FEF}.Debug|ARM64.ActiveCfg = Debug|Win32
		{0F68C9F2-4EB0-4D20-A80A-E2EA93A54FEF}.Debug|x64.ActiveCfg = Debug|Win32
		{0F68C9F2-4EB0-4D20-A80A-E2EA93A54FEF}.Debug|x86.ActiveCfg = Debug|Win32
		{0F68C9F2-4EB0-4D20-A80A-E2EA93A54FEF}.Debug|x86.Build.0 = Debug|Win32
		{0F68C9F2-4EB0-4D20-A80A-E2EA93A54FEF}.Release|ARM.ActiveCfg = Release|Win32
		{0F68C9F2-4EB0-4D20-A80A-E2EA93A54FEF}.Release|ARM64.ActiveCfg = Release|Win32
		{0F68C9F2-4EB0-4D20-A80A-E2EA93A54FEF}.Release|x64.ActiveCfg = Release|Win32
		{0F68C9F2-4EB0-4D20-A80A-E2EA93A54FEF}.Release|x86.ActiveCfg = Release|Win32
		{0F68C9F2-4EB0-4D20-A80A-E2EA93A54FEF}.Release|x86.Build.0 = Release|Win32
		{B8085B96-9FDA-42D5-99F6-B2173E58C687}.Debug|ARM.ActiveCfg = Debug|Win32
		{B8085B96-9FDA-42D5-99F6-B2173E58C687}.Debug|ARM64.ActiveCfg = Debug|Win32
		{B8085B96-9FDA-42D5-99F6-B2173E58C687}.Debug|x64.ActiveCfg = Debug|Win32
		{B8085B96-9FDA-42D5-99F6-B2173E58C687}.Debug|x86.ActiveCfg = Debug|Win32
		{B8085B96-9FDA-42D5-99F6-B2173E58C687}.Debug|x86.Build.0 = Debug|Win32
		{B8085B96-9FDA-42D5-99F6-B2173E58C687}.Release|ARM.ActiveCfg = Release|Win32
		{B8085B96-9FDA-42D5-99F6-B2173E58C687}.Release|ARM64.ActiveCfg = Release|Win32
		{B8085B96-9FDA-42D5-99F6-B2173E58C687}.Release|x64.ActiveCfg = Release|Win32
		{B8085B96-9FDA-42D5-99F6-B2173E58C687}.Release|x86.ActiveCfg = Release|Win32
		{B8085B96-9FDA-42D5-99F6-B2173E58C687}.Release|x86.Build.0 = Release|Win32
		{F255AC21-9600-4233-8D41-EFB4B72BE9C3}.Debug|ARM.ActiveCfg = Debug|Win32
		{F255AC21-9600-4233-8D41-EFB4B72BE9C3}.Debug|ARM64.ActiveCfg = Debug|Win32
		{F255AC21-9600-4233-8D41-EFB4B72BE9C3}.Debug|x64.ActiveCfg = Debug|Win32
		{F255AC21-9600-4233-8D41-EFB4B72BE9C3}.Debug|x86.ActiveCfg = Debug|Win32
		{F255AC21-9600-4233-8D41-EFB4B72BE9C3}.Debug|x86.Build.0 = Debug|Win32
		{F255AC21-9600-4233-8D41-EFB4B72BE9C3}.Release|ARM.ActiveCfg = Release|Win32
		{F255AC21-9600-4233-8D41-EFB4B72BE9C3}.Release|ARM64.ActiveCfg = Release|Win32
		{F255AC21-9600-4233-8D41-EFB4B72BE9C3}.Release|x64.ActiveCfg = Release|Win32
		{F255AC21-9600-4233-8D41-EFB4B72BE9C3}.Release|x86.ActiveCfg = Release|Win32
		{F255AC21-9600-4233-8D41-EFB4B72BE9C3}.Release|x86.Build.0 = Release|Win32
		{6C65A2C9-0E39-4C9D-BED4-B1CF98479237}.Debug|ARM.ActiveCfg = Debug|Win32
		{6C65A2C9-0E39-4C9D-BED4-B1CF98479237}.Debug|ARM64.ActiveCfg = Debug|Win32
		{6C65A2C9-0E39-4C9D-BED4-B1CF98479237}.Debug|x64.ActiveCfg = Debug|Win32
		{6C65A2C9-0E39-4C9D-BED4-B1CF98479237}.Debug|x86.ActiveCfg = Debug|Win32
		{6C65A2C9-0E39-4C9D-BED4-B1CF98479237}.Debug|x86.Build.0 = Debug|Win32
		{6C65A2C9-0E39-4C9D-BED4-B1CF98479237}.Release|ARM.ActiveCfg = Release|Win32
		{6C65A2C9-0E39-4C9D-BED4-B1CF98479237}.Release|ARM64.ActiveCfg = Release|Win32
		{6C65A2C9-0E39-4C9D-BED4-B1CF98479237}.Release|x64.ActiveCfg = Release|Win32
		{6C65A2C9-0E39-4C9D-BED4-B1CF98479237}.Release|x86.ActiveCfg = Release|Win32
		{6C65A2C9-0E39-4C9D-BED4-B1CF98479237}.Release|x86.Build.0 = Release|Win32
		{D402CD9F-54EA-4742-A404-464E090BD234}.Debug|ARM.ActiveCfg = Debug|Win32
		{D402CD9F-54EA-4742-A404-464E090BD234}.Debug|ARM64.ActiveCfg = Debug|Win32
		{D402CD9F-54EA-4742-A404-464E090BD234}.Debug|x64.ActiveCfg = Debug|Win32
		{D402CD9F-54EA-4742-A404-464E090BD234}.Debug|x86.ActiveCfg = Debug|Win32
		{D402CD9F-54EA-4742-A404-464E090BD234}.Debug|x86.Build.0 = Debug|Win32
		{D402CD9F-54EA-4742-A404-464E090BD234}.Release|ARM.ActiveCfg = Release|Win32
		{D402CD9F-54EA-4742-A404-464E090BD234}.Release|ARM64.ActiveCfg = Release|Win32
		{D402CD9F-54EA-4742-A404-464E090BD234}.Release|x64.ActiveCfg = Release|Win32
		{D402CD9F-54EA-4742-A404-464E090BD234}.Release|x86.ActiveCfg = Release|Win32
		{D402CD9F-54EA-4742-A404-464E090BD234}.Release|x86.Build.0 = Release|Win32
		{4C26CD87-96E2-4C2B-A7D6-8DA64C428AD1}.Debug|ARM.ActiveCfg = Debug|Win32
		{4C26CD87-96E2-4C2B-A7D6-8DA64C428AD1}.Debug|ARM64.ActiveCfg = Debug|Win32
		{4C26CD87-96E2-4C2B-A7D6-8DA64C428AD1}.Debug|x64.ActiveCfg = Debug|Win32
		{4C26CD87-96E2-4C2B-A7D6-8DA64C428AD1}.Debug|x86.ActiveCfg = Debug|Win32
		{4C26CD87-96E2-4C2B-A7D6-8DA64C428AD1}.Debug|x86.Build.0 = Debug|Win32
		{4C26CD87-96E2-4C2B-A7D6-8DA64C428AD1}.Release|ARM.ActiveCfg = Release|Win32
		{4C26CD87-96E2-4C2B-A7D6-8DA64C428AD1}.Release|ARM64.ActiveCfg = Release|Win32
		{4C26CD87-96E2-4C2B-A7D6-8DA64C428AD1}.Release|x64.ActiveCfg = Release|Win32
		{4C26CD87-96E2-4C2B-A7D6-8DA64C428AD1}.Release|x86.ActiveCfg = Release|Win32
		{4C26CD87-96E2-4C2B-A7D6-8DA64C428AD1}.Release|x86.Build.0 = Release|Win32
		{D82B69E2-7997-4020-AB43-734224E87E78}.Debug|ARM.ActiveCfg = Debug|Win32
		{D82B69E2-7997-4020-AB43-734224E87E78}.Debug|ARM64.ActiveCfg = Debug|Win32
		{D82B69E2-7997-4020-AB43-734224E87E78}.Debug|x64.ActiveCfg = Debug|Win32
		{D82B69E2-7997-4020-AB43-734224E87E78}.Debug|x86.ActiveCfg = Debug|Win32
		{D82B69E2-7997-4020-AB43-734224E87E78}.Debug|x86.Build.0 = Debug|Win32
		{D82B69E2-7997-4020-AB43-734224E87E78}.Release|ARM.ActiveCfg = Release|Win32
		{D82B69E2-7997-4020-AB43-734224E87E78}.Release|ARM64.ActiveCfg = Release|Win32
		{D82B69E2-7997-4020-AB43-734224E87E78}.Release|x64.ActiveCfg = Release|Win32
		{D82B69E2-7997-4020-AB43-734224E87E78}.Release|x86.ActiveCfg = Release|Win32
		{D82B69E2-7997-4020-AB43-734224E87E78}.Release|x86.Build.0 = Release|Win32
		{BA305682-4661-470A-A4E5-483128066AD7}.Debug|ARM.ActiveCfg = Debug|Win32
		{BA305682-4661-470A-A4E5-483128066AD7}.Debug|ARM64.ActiveCfg = Debug|Win32
		{BA305682-4661-470A-A4E5-483128066AD7}.Debug|x64.ActiveCfg = Debug|Win32
		{BA305682-4661-470A-A4E5-483128066AD7}.Debug|x86.ActiveCfg = Debug|Win32
		{BA305682-4661-470A-A4E5-483128066AD7}.Debug|x86.Build.0 = Debug|Win32
		{BA305682-4661-470A-A4E5-483128066AD7}.Release|ARM.ActiveCfg = Release|Win32
		{BA305682-4661-470A-A4E5-483128066AD7}.Release|ARM64.ActiveCfg = Release|Win32
		{BA305682-4661-470A-A4E5-483128066AD7}.Release|x64.ActiveCfg = Release|Win32
		{BA305682-4661-470A-A4E5-483128066AD7}.Release|x86.ActiveCfg = Release|Win32
		{BA305682-4661-470A-A4E5-483128066AD7}.Release|x86.Build.0 = Release|Win32
		{606E1AF5-0A91-4159-B50C-55E2377E523B}.Debug|ARM.ActiveCfg = Debug|Win32
		{606E1AF5-0A91-4159-B50C-55E2377E523B}.Debug|ARM64.ActiveCfg = Debug|Win32
		{606E1AF5-0A91-4159-B50C-55E2377E523B}.Debug|x64.ActiveCfg = Debug|Win32
		{606E1AF5-0A91-4159-B50C-55E2377E523B}.Debug|x86.ActiveCfg = Debug|Win32
		{606E1AF5-0A91-4159-B50C-55E2377E523B}.Debug|x86.Build.0 = Debug|Win32
		{606E1AF5-0A91-4159-B50C-55E2377E523B}.Release|ARM.ActiveCfg = Release|Win32
		{606E1AF5-0A91-4159-B50C-55E2377E523B}.Release|ARM64.ActiveCfg = Release|Win32
		{606E1AF5-0A91-4159-B50C-55E2377E523B}.Release|x64.ActiveCfg = Release|Win32
		{606E1AF5-0A91-4159-B50C-55E2377E523B}.Release|x86.ActiveCfg = Release|Win32
		{606E1AF5-0A91-4159-B50C-55E2377E523B}.Release|x86.Build.0 = Release|Win32
		{1FBAA6DC-B574-4FB0-A30A-BF588B3515BA}.Debug|ARM.ActiveCfg = Debug|Win32
		{1FBAA6DC-B574-4FB0-A30A-BF588B3515BA}.Debug|ARM64.ActiveCfg = Debug|Win32
		{1FBAA6DC-B574-4FB0-A30A-BF588B3515BA}.Debug|x64.ActiveCfg = Debug|Win32
		{1FBAA6DC-B574-4FB0-A30A-BF588B3515BA}.Debug|x86.ActiveCfg = Debug|Win32
		{1FBAA6DC-B574-4FB0-A30A-BF588B3515BA}.Debug|x86.Build.0 = Debug|Win32
		{1FBAA6DC-B574-4FB0-A30A-BF588B3515BA}.Release|ARM.ActiveCfg = Release|Win32
		{1FBAA6DC-B574-4FB0-A30A-BF588B3515BA}.Release|ARM64.ActiveCfg = Release|Win32
		{1FBAA6DC-B574-4FB0-A30A-BF588B3515BA}.Release|x64.ActiveCfg = Release|Win32
		{1FBAA6DC-B574-4FB0-A30A-BF588B3515BA}.Release|x86.ActiveCfg = Release|Win32
		{1FBAA6DC-B574-4FB0-A30A-BF588B3515BA}.Release|x86.Build.0 = Release|Win32
		{5EB9AF24-16E9-457C-9003-FA5EA01E8436}.Debug|ARM.ActiveCfg = Debug|Win32
		{5EB9AF24-16E9-457C-9003-FA5EA01E8436}.Debug|ARM64.ActiveCfg = Debug|Win32
		{5EB9AF24-16E9-457C-9003-FA5EA01E8436}.Debug|x64.ActiveCfg = Debug|Win32
		{5EB9AF24-16E9-457C-9003-FA5EA01E8436}.Debug|x86.ActiveCfg = Debug|Win32
		{5EB9AF24-16E9-457C-9003-FA5EA01E8436}.Debug|x86.Build.0 = Debug|Win32
		{5EB9AF24-16E9-457C-9003-FA5EA01E8436}.Release|ARM.ActiveCfg = Release|Win32
		{5EB9AF24-16E9-457C-9003-FA5EA01E8436}.Release|ARM64.ActiveCfg = Release|Win32
		{5EB9AF24-16E9-457C-9003-FA5EA01E8436}.Release|x64.ActiveCfg = Release|Win32
		{5EB9AF24-16E9-457C-9003-FA5EA01E8436}.Release|x86.ActiveCfg = Release|Win32
		{5EB9AF24-16E9-457C-9003-FA5EA01E8436}.Release|x86.Build.0 = Release|Win32
	EndGlobalSection
	GlobalSection(SolutionProperties) = preSolution
		HideSolutionNode = FALSE
	EndGlobalSection
	GlobalSection(ExtensibilityGlobals) = postSolution
		SolutionGuid = {14FD68D4-8BC1-42CE-8673-B917B5403B12}
	EndGlobalSection
EndGlobal
